
Microsoft Visual Studio Solution File, Format Version 12.00
# Visual Studio Version 17
VisualStudioVersion = 17.5.33414.496
MinimumVisualStudioVersion = 10.0.40219.1
Project("{9A19103F-16F7-4668-BE54-9A1E7A4F7556}") = "X2R.Insight.Janitor.DataAccess", "X2R.Insight.Janitor.DataAccess\X2R.Insight.Janitor.DataAccess.csproj", "{DA979A06-371A-445C-A6F3-2A7E5E2659B6}"
EndProject
Project("{9A19103F-16F7-4668-BE54-9A1E7A4F7556}") = "X2R.Insight.Janitor.Logic", "X2R.Insight.Janitor.Logic\X2R.Insight.Janitor.Logic.csproj", "{DE73F5C6-348D-45D9-BE1E-C3AEF07C36B8}"
EndProject
Project("{9A19103F-16F7-4668-BE54-9A1E7A4F7556}") = "X2R.Insight.Janitor.Main", "X2R.Insight.Janitor.Main\X2R.Insight.Janitor.Main.csproj", "{57E9CEBB-0761-48C3-A1A8-2097617E0B13}"
EndProject
Global
	GlobalSection(SolutionConfigurationPlatforms) = preSolution
		Debug|Any CPU = Debug|Any CPU
		Release|Any CPU = Release|Any CPU
	EndGlobalSection
	GlobalSection(ProjectConfigurationPlatforms) = postSolution
		{DA979A06-371A-445C-A6F3-2A7E5E2659B6}.Debug|Any CPU.ActiveCfg = Debug|Any CPU
		{DA979A06-371A-445C-A6F3-2A7E5E2659B6}.Debug|Any CPU.Build.0 = Debug|Any CPU
		{DA979A06-371A-445C-A6F3-2A7E5E2659B6}.Release|Any CPU.ActiveCfg = Release|Any CPU
		{DA979A06-371A-445C-A6F3-2A7E5E2659B6}.Release|Any CPU.Build.0 = Release|Any CPU
		{DE73F5C6-348D-45D9-BE1E-C3AEF07C36B8}.Debug|Any CPU.ActiveCfg = Debug|Any CPU
		{DE73F5C6-348D-45D9-BE1E-C3AEF07C36B8}.Debug|Any CPU.Build.0 = Debug|Any CPU
		{DE73F5C6-348D-45D9-BE1E-C3AEF07C36B8}.Release|Any CPU.ActiveCfg = Release|Any CPU
		{DE73F5C6-348D-45D9-BE1E-C3AEF07C36B8}.Release|Any CPU.Build.0 = Release|Any CPU
		{57E9CEBB-0761-48C3-A1A8-2097617E0B13}.Debug|Any CPU.ActiveCfg = Debug|Any CPU
		{57E9CEBB-0761-48C3-A1A8-2097617E0B13}.Debug|Any CPU.Build.0 = Debug|Any CPU
		{57E9CEBB-0761-48C3-A1A8-2097617E0B13}.Release|Any CPU.ActiveCfg = Release|Any CPU
		{57E9CEBB-0761-48C3-A1A8-2097617E0B13}.Release|Any CPU.Build.0 = Release|Any CPU
	EndGlobalSection
	GlobalSection(SolutionProperties) = preSolution
		HideSolutionNode = FALSE
	EndGlobalSection
	GlobalSection(ExtensibilityGlobals) = postSolution
		SolutionGuid = {7AD6B019-2922-4522-85BA-5FA3FE3728B1}
	EndGlobalSection
	GlobalSection(TeamFoundationVersionControl) = preSolution
		SccNumberOfProjects = 4
		SccEnterpriseProvider = {4CA58AB2-18FA-4F8D-95D4-32DDF27D184C}
		SccTeamFoundationServer = https://x2rbv.visualstudio.com/
		SccLocalPath0 = .
		SccProjectUniqueName1 = X2R.Insight.Janitor.DataAccess\\X2R.Insight.Janitor.DataAccess.csproj
		SccProjectName1 = X2R.Insight.Janitor.DataAccess
		SccLocalPath1 = X2R.Insight.Janitor.DataAccess
		SccProjectUniqueName2 = X2R.Insight.Janitor.Logic\\X2R.Insight.Janitor.Logic.csproj
		SccProjectName2 = X2R.Insight.Janitor.Logic
		SccLocalPath2 = X2R.Insight.Janitor.Logic
		SccProjectUniqueName3 = X2R.Insight.Janitor.Main\\X2R.Insight.Janitor.Main.csproj
		SccProjectName3 = X2R.Insight.Janitor.Main
		SccLocalPath3 = X2R.Insight.Janitor.Main
	EndGlobalSection
EndGlobal
